
Microsoft Visual Studio Solution File, Format Version 12.00
# Visual Studio Version 16
VisualStudioVersion = 16.0.29911.84
MinimumVisualStudioVersion = 10.0.40219.1
Project("{8BC9CEB8-8B4A-11D0-8D11-00A0C91BC942}") = "color_simulation_ver1", "color_simulation_ver1\color_simulation_ver1.vcxproj", "{13C2B0C3-26AA-4CB5-A288-A1DB4F2D3EDD}"
EndProject
Global
	GlobalSection(SolutionConfigurationPlatforms) = preSolution
		Debug|x64 = Debug|x64
		Release|x64 = Release|x64
	EndGlobalSection
	GlobalSection(ProjectConfigurationPlatforms) = postSolution
		{13C2B0C3-26AA-4CB5-A288-A1DB4F2D3EDD}.Debug|x64.ActiveCfg = Debug|x64
		{13C2B0C3-26AA-4CB5-A288-A1DB4F2D3EDD}.Debug|x64.Build.0 = Debug|x64
		{13C2B0C3-26AA-4CB5-A288-A1DB4F2D3EDD}.Release|x64.ActiveCfg = Release|x64
		{13C2B0C3-26AA-4CB5-A288-A1DB4F2D3EDD}.Release|x64.Build.0 = Release|x64
	EndGlobalSection
	GlobalSection(SolutionProperties) = preSolution
		HideSolutionNode = FALSE
	EndGlobalSection
	GlobalSection(ExtensibilityGlobals) = postSolution
		SolutionGuid = {94AE3A13-D748-459E-B39A-5F4E620C67DB}
	EndGlobalSection
EndGlobal
